
Microsoft Visual Studio Solution File, Format Version 12.00
# Visual Studio Version 17
VisualStudioVersion = 17.11.35312.102
MinimumVisualStudioVersion = 10.0.40219.1
Project("{FAE04EC0-301F-11D3-BF4B-00C04F79EFBC}") = "DesignPatterns", "DesignPatterns\DesignPatterns.csproj", "{CCFD4472-883A-4EAA-BA97-8CE6E1302617}"
EndProject
Global
	GlobalSection(SolutionConfigurationPlatforms) = preSolution
		Debug|Any CPU = Debug|Any CPU
		Release|Any CPU = Release|Any CPU
	EndGlobalSection
	GlobalSection(ProjectConfigurationPlatforms) = postSolution
		{CCFD4472-883A-4EAA-BA97-8CE6E1302617}.Debug|Any CPU.ActiveCfg = Debug|Any CPU
		{CCFD4472-883A-4EAA-BA97-8CE6E1302617}.Debug|Any CPU.Build.0 = Debug|Any CPU
		{CCFD4472-883A-4EAA-BA97-8CE6E1302617}.Release|Any CPU.ActiveCfg = Release|Any CPU
		{CCFD4472-883A-4EAA-BA97-8CE6E1302617}.Release|Any CPU.Build.0 = Release|Any CPU
	EndGlobalSection
	GlobalSection(SolutionProperties) = preSolution
		HideSolutionNode = FALSE
	EndGlobalSection
	GlobalSection(ExtensibilityGlobals) = postSolution
		SolutionGuid = {A4E26A87-1E20-45D3-9A90-0FA547483BBA}
	EndGlobalSection
EndGlobal
